// !$*UTF8*$!
{
	archiveVersion = 1;
	classes = {
	};
	objectVersion = 52;
	objects = {

/* Begin PBXBuildFile section */
		AD10D2E522B7E1BD006AABAB /* AppDelegate.swift in Sources */ = {isa = PBXBuildFile; fileRef = AD10D2E422B7E1BD006AABAB /* AppDelegate.swift */; };
		AD10D2E722B7E1BD006AABAB /* SceneDelegate.swift in Sources */ = {isa = PBXBuildFile; fileRef = AD10D2E622B7E1BD006AABAB /* SceneDelegate.swift */; };
		AD10D2E922B7E1BD006AABAB /* ContentView.swift in Sources */ = {isa = PBXBuildFile; fileRef = AD10D2E822B7E1BD006AABAB /* ContentView.swift */; };
		AD10D2EB22B7E1BF006AABAB /* Assets.xcassets in Resources */ = {isa = PBXBuildFile; fileRef = AD10D2EA22B7E1BF006AABAB /* Assets.xcassets */; };
		AD10D2EE22B7E1BF006AABAB /* Preview Assets.xcassets in Resources */ = {isa = PBXBuildFile; fileRef = AD10D2ED22B7E1BF006AABAB /* Preview Assets.xcassets */; };
		AD10D2F122B7E1BF006AABAB /* LaunchScreen.storyboard in Resources */ = {isa = PBXBuildFile; fileRef = AD10D2EF22B7E1BF006AABAB /* LaunchScreen.storyboard */; };
		AD10D2F922B7E237006AABAB /* WebSocketConnection.swift in Sources */ = {isa = PBXBuildFile; fileRef = AD10D2F822B7E237006AABAB /* WebSocketConnection.swift */; };
		AD95920922CA612F003E995D /* main.swift in Sources */ = {isa = PBXBuildFile; fileRef = AD95920822CA612F003E995D /* main.swift */; };
		AD95921022CA619A003E995D /* NIOWebSocket in Frameworks */ = {isa = PBXBuildFile; productRef = AD95920F22CA619A003E995D /* NIOWebSocket */; };
		AD95921222CA619A003E995D /* NIO in Frameworks */ = {isa = PBXBuildFile; productRef = AD95921122CA619A003E995D /* NIO */; };
		AD95921522CA61AF003E995D /* NIOHTTP1 in Frameworks */ = {isa = PBXBuildFile; productRef = AD95921422CA61AF003E995D /* NIOHTTP1 */; };
/* End PBXBuildFile section */

/* Begin PBXFileReference section */
		AD10D2E122B7E1BD006AABAB /* WebSockets.app */ = {isa = PBXFileReference; explicitFileType = wrapper.application; includeInIndex = 0; path = WebSockets.app; sourceTree = BUILT_PRODUCTS_DIR; };
		AD10D2E422B7E1BD006AABAB /* AppDelegate.swift */ = {isa = PBXFileReference; lastKnownFileType = sourcecode.swift; path = AppDelegate.swift; sourceTree = "<group>"; };
		AD10D2E622B7E1BD006AABAB /* SceneDelegate.swift */ = {isa = PBXFileReference; lastKnownFileType = sourcecode.swift; path = SceneDelegate.swift; sourceTree = "<group>"; };
		AD10D2E822B7E1BD006AABAB /* ContentView.swift */ = {isa = PBXFileReference; lastKnownFileType = sourcecode.swift; path = ContentView.swift; sourceTree = "<group>"; };
		AD10D2EA22B7E1BF006AABAB /* Assets.xcassets */ = {isa = PBXFileReference; lastKnownFileType = folder.assetcatalog; path = Assets.xcassets; sourceTree = "<group>"; };
		AD10D2ED22B7E1BF006AABAB /* Preview Assets.xcassets */ = {isa = PBXFileReference; lastKnownFileType = folder.assetcatalog; path = "Preview Assets.xcassets"; sourceTree = "<group>"; };
		AD10D2F022B7E1BF006AABAB /* Base */ = {isa = PBXFileReference; lastKnownFileType = file.storyboard; name = Base; path = Base.lproj/LaunchScreen.storyboard; sourceTree = "<group>"; };
		AD10D2F222B7E1BF006AABAB /* Info.plist */ = {isa = PBXFileReference; lastKnownFileType = text.plist.xml; path = Info.plist; sourceTree = "<group>"; };
		AD10D2F822B7E237006AABAB /* WebSocketConnection.swift */ = {isa = PBXFileReference; lastKnownFileType = sourcecode.swift; path = WebSocketConnection.swift; sourceTree = "<group>"; };
		AD95920622CA612F003E995D /* WSServer */ = {isa = PBXFileReference; explicitFileType = "compiled.mach-o.executable"; includeInIndex = 0; path = WSServer; sourceTree = BUILT_PRODUCTS_DIR; };
		AD95920822CA612F003E995D /* main.swift */ = {isa = PBXFileReference; lastKnownFileType = sourcecode.swift; name = main.swift; path = Sources/WSServer/main.swift; sourceTree = "<group>"; };
		AD95920A22CA612F003E995D /* Package.swift */ = {isa = PBXFileReference; lastKnownFileType = sourcecode.swift; path = Package.swift; sourceTree = "<group>"; };
/* End PBXFileReference section */

/* Begin PBXFrameworksBuildPhase section */
		AD10D2DE22B7E1BD006AABAB /* Frameworks */ = {
			isa = PBXFrameworksBuildPhase;
			buildActionMask = 2147483647;
			files = (
			);
			runOnlyForDeploymentPostprocessing = 0;
		};
		AD95920422CA612F003E995D /* Frameworks */ = {
			isa = PBXFrameworksBuildPhase;
			buildActionMask = 2147483647;
			files = (
				AD95921522CA61AF003E995D /* NIOHTTP1 in Frameworks */,
				AD95921022CA619A003E995D /* NIOWebSocket in Frameworks */,
				AD95921222CA619A003E995D /* NIO in Frameworks */,
			);
			runOnlyForDeploymentPostprocessing = 0;
		};
/* End PBXFrameworksBuildPhase section */

/* Begin PBXGroup section */
		AD10D2D822B7E1BD006AABAB = {
			isa = PBXGroup;
			children = (
				AD10D2E322B7E1BD006AABAB /* WebSockets */,
				AD95920722CA612F003E995D /* WSServer */,
				AD10D2E222B7E1BD006AABAB /* Products */,
				AD95921322CA61AF003E995D /* Frameworks */,
			);
			sourceTree = "<group>";
		};
		AD10D2E222B7E1BD006AABAB /* Products */ = {
			isa = PBXGroup;
			children = (
				AD10D2E122B7E1BD006AABAB /* WebSockets.app */,
				AD95920622CA612F003E995D /* WSServer */,
			);
			name = Products;
			sourceTree = "<group>";
		};
		AD10D2E322B7E1BD006AABAB /* WebSockets */ = {
			isa = PBXGroup;
			children = (
				AD10D2E422B7E1BD006AABAB /* AppDelegate.swift */,
				AD10D2E622B7E1BD006AABAB /* SceneDelegate.swift */,
				AD10D2E822B7E1BD006AABAB /* ContentView.swift */,
				AD10D2EA22B7E1BF006AABAB /* Assets.xcassets */,
				AD10D2EF22B7E1BF006AABAB /* LaunchScreen.storyboard */,
				AD10D2F222B7E1BF006AABAB /* Info.plist */,
				AD10D2EC22B7E1BF006AABAB /* Preview Content */,
				AD10D2F822B7E237006AABAB /* WebSocketConnection.swift */,
			);
			path = WebSockets;
			sourceTree = "<group>";
		};
		AD10D2EC22B7E1BF006AABAB /* Preview Content */ = {
			isa = PBXGroup;
			children = (
				AD10D2ED22B7E1BF006AABAB /* Preview Assets.xcassets */,
			);
			path = "Preview Content";
			sourceTree = "<group>";
		};
		AD95920722CA612F003E995D /* WSServer */ = {
			isa = PBXGroup;
			children = (
				AD95920822CA612F003E995D /* main.swift */,
				AD95920A22CA612F003E995D /* Package.swift */,
			);
			path = WSServer;
			sourceTree = "<group>";
		};
		AD95921322CA61AF003E995D /* Frameworks */ = {
			isa = PBXGroup;
			children = (
			);
			name = Frameworks;
			sourceTree = "<group>";
		};
/* End PBXGroup section */

/* Begin PBXNativeTarget section */
		AD10D2E022B7E1BD006AABAB /* WebSockets */ = {
			isa = PBXNativeTarget;
			buildConfigurationList = AD10D2F522B7E1BF006AABAB /* Build configuration list for PBXNativeTarget "WebSockets" */;
			buildPhases = (
				AD10D2DD22B7E1BD006AABAB /* Sources */,
				AD10D2DE22B7E1BD006AABAB /* Frameworks */,
				AD10D2DF22B7E1BD006AABAB /* Resources */,
			);
			buildRules = (
			);
			dependencies = (
			);
			name = WebSockets;
			productName = WebSockets;
			productReference = AD10D2E122B7E1BD006AABAB /* WebSockets.app */;
			productType = "com.apple.product-type.application";
		};
		AD95920522CA612F003E995D /* WSServer */ = {
			isa = PBXNativeTarget;
			buildConfigurationList = AD95920D22CA612F003E995D /* Build configuration list for PBXNativeTarget "WSServer" */;
			buildPhases = (
				AD95920222CA612F003E995D /* Build Swift Package Manager Dependencies */,
				AD95920322CA612F003E995D /* Sources */,
				AD95920422CA612F003E995D /* Frameworks */,
			);
			buildRules = (
			);
			dependencies = (
			);
			name = WSServer;
			packageProductDependencies = (
				AD95920F22CA619A003E995D /* NIOWebSocket */,
				AD95921122CA619A003E995D /* NIO */,
				AD95921422CA61AF003E995D /* NIOHTTP1 */,
			);
			productName = WSServer;
			productReference = AD95920622CA612F003E995D /* WSServer */;
			productType = "com.apple.product-type.tool";
		};
/* End PBXNativeTarget section */

/* Begin PBXProject section */
		AD10D2D922B7E1BD006AABAB /* Project object */ = {
			isa = PBXProject;
			attributes = {
				LastSwiftUpdateCheck = 1100;
				LastUpgradeCheck = 1100;
				ORGANIZATIONNAME = AppSpector;
				TargetAttributes = {
					AD10D2E022B7E1BD006AABAB = {
						CreatedOnToolsVersion = 11.0;
					};
					AD95920522CA612F003E995D = {
						CreatedOnToolsVersion = 11.0;
					};
				};
			};
			buildConfigurationList = AD10D2DC22B7E1BD006AABAB /* Build configuration list for PBXProject "WebSockets" */;
			compatibilityVersion = "Xcode 9.3";
			developmentRegion = en;
			hasScannedForEncodings = 0;
			knownRegions = (
				en,
				Base,
			);
			mainGroup = AD10D2D822B7E1BD006AABAB;
			packageReferences = (
				AD95920E22CA619A003E995D /* XCRemoteSwiftPackageReference "swift-nio" */,
			);
			productRefGroup = AD10D2E222B7E1BD006AABAB /* Products */;
			projectDirPath = "";
			projectRoot = "";
			targets = (
				AD10D2E022B7E1BD006AABAB /* WebSockets */,
				AD95920522CA612F003E995D /* WSServer */,
			);
		};
/* End PBXProject section */

/* Begin PBXResourcesBuildPhase section */
		AD10D2DF22B7E1BD006AABAB /* Resources */ = {
			isa = PBXResourcesBuildPhase;
			buildActionMask = 2147483647;
			files = (
				AD10D2F122B7E1BF006AABAB /* LaunchScreen.storyboard in Resources */,
				AD10D2EE22B7E1BF006AABAB /* Preview Assets.xcassets in Resources */,
				AD10D2EB22B7E1BF006AABAB /* Assets.xcassets in Resources */,
			);
			runOnlyForDeploymentPostprocessing = 0;
		};
/* End PBXResourcesBuildPhase section */

/* Begin PBXShellScriptBuildPhase section */
		AD95920222CA612F003E995D /* Build Swift Package Manager Dependencies */ = {
			isa = PBXShellScriptBuildPhase;
			buildActionMask = 2147483647;
			files = (
			);
			inputFileListPaths = (
			);
			inputPaths = (
			);
			name = "Build Swift Package Manager Dependencies";
			outputFileListPaths = (
			);
			outputPaths = (
			);
			runOnlyForDeploymentPostprocessing = 0;
			shellPath = /bin/sh;
			shellScript = "SPM_IMAGE=SwiftNIO verbose=no swift xcode build";
		};
/* End PBXShellScriptBuildPhase section */

/* Begin PBXSourcesBuildPhase section */
		AD10D2DD22B7E1BD006AABAB /* Sources */ = {
			isa = PBXSourcesBuildPhase;
			buildActionMask = 2147483647;
			files = (
				AD10D2E522B7E1BD006AABAB /* AppDelegate.swift in Sources */,
				AD10D2E722B7E1BD006AABAB /* SceneDelegate.swift in Sources */,
				AD10D2E922B7E1BD006AABAB /* ContentView.swift in Sources */,
				AD10D2F922B7E237006AABAB /* WebSocketConnection.swift in Sources */,
			);
			runOnlyForDeploymentPostprocessing = 0;
		};
		AD95920322CA612F003E995D /* Sources */ = {
			isa = PBXSourcesBuildPhase;
			buildActionMask = 2147483647;
			files = (
				AD95920922CA612F003E995D /* main.swift in Sources */,
			);
			runOnlyForDeploymentPostprocessing = 0;
		};
/* End PBXSourcesBuildPhase section */

/* Begin PBXVariantGroup section */
		AD10D2EF22B7E1BF006AABAB /* LaunchScreen.storyboard */ = {
			isa = PBXVariantGroup;
			children = (
				AD10D2F022B7E1BF006AABAB /* Base */,
			);
			name = LaunchScreen.storyboard;
			sourceTree = "<group>";
		};
/* End PBXVariantGroup section */

/* Begin XCBuildConfiguration section */
		AD10D2F322B7E1BF006AABAB /* Debug */ = {
			isa = XCBuildConfiguration;
			buildSettings = {
				ALWAYS_SEARCH_USER_PATHS = NO;
				CLANG_ANALYZER_NONNULL = YES;
				CLANG_ANALYZER_NUMBER_OBJECT_CONVERSION = YES_AGGRESSIVE;
				CLANG_CXX_LANGUAGE_STANDARD = "gnu++14";
				CLANG_CXX_LIBRARY = "libc++";
				CLANG_ENABLE_MODULES = YES;
				CLANG_ENABLE_OBJC_ARC = YES;
				CLANG_ENABLE_OBJC_WEAK = YES;
				CLANG_WARN_BLOCK_CAPTURE_AUTORELEASING = YES;
				CLANG_WARN_BOOL_CONVERSION = YES;
				CLANG_WARN_COMMA = YES;
				CLANG_WARN_CONSTANT_CONVERSION = YES;
				CLANG_WARN_DEPRECATED_OBJC_IMPLEMENTATIONS = YES;
				CLANG_WARN_DIRECT_OBJC_ISA_USAGE = YES_ERROR;
				CLANG_WARN_DOCUMENTATION_COMMENTS = YES;
				CLANG_WARN_EMPTY_BODY = YES;
				CLANG_WARN_ENUM_CONVERSION = YES;
				CLANG_WARN_INFINITE_RECURSION = YES;
				CLANG_WARN_INT_CONVERSION = YES;
				CLANG_WARN_NON_LITERAL_NULL_CONVERSION = YES;
				CLANG_WARN_OBJC_IMPLICIT_RETAIN_SELF = YES;
				CLANG_WARN_OBJC_LITERAL_CONVERSION = YES;
				CLANG_WARN_OBJC_ROOT_CLASS = YES_ERROR;
				CLANG_WARN_RANGE_LOOP_ANALYSIS = YES;
				CLANG_WARN_STRICT_PROTOTYPES = YES;
				CLANG_WARN_SUSPICIOUS_MOVE = YES;
				CLANG_WARN_UNGUARDED_AVAILABILITY = YES_AGGRESSIVE;
				CLANG_WARN_UNREACHABLE_CODE = YES;
				CLANG_WARN__DUPLICATE_METHOD_MATCH = YES;
				COPY_PHASE_STRIP = NO;
				DEBUG_INFORMATION_FORMAT = dwarf;
				ENABLE_STRICT_OBJC_MSGSEND = YES;
				ENABLE_TESTABILITY = YES;
				GCC_C_LANGUAGE_STANDARD = gnu11;
				GCC_DYNAMIC_NO_PIC = NO;
				GCC_NO_COMMON_BLOCKS = YES;
				GCC_OPTIMIZATION_LEVEL = 0;
				GCC_PREPROCESSOR_DEFINITIONS = (
					"DEBUG=1",
					"$(inherited)",
				);
				GCC_WARN_64_TO_32_BIT_CONVERSION = YES;
				GCC_WARN_ABOUT_RETURN_TYPE = YES_ERROR;
				GCC_WARN_UNDECLARED_SELECTOR = YES;
				GCC_WARN_UNINITIALIZED_AUTOS = YES_AGGRESSIVE;
				GCC_WARN_UNUSED_FUNCTION = YES;
				GCC_WARN_UNUSED_VARIABLE = YES;
				IPHONEOS_DEPLOYMENT_TARGET = 13.0;
				MTL_ENABLE_DEBUG_INFO = INCLUDE_SOURCE;
				MTL_FAST_MATH = YES;
				ONLY_ACTIVE_ARCH = YES;
				SDKROOT = iphoneos;
				SWIFT_ACTIVE_COMPILATION_CONDITIONS = DEBUG;
				SWIFT_OPTIMIZATION_LEVEL = "-Onone";
			};
			name = Debug;
		};
		AD10D2F422B7E1BF006AABAB /* Release */ = {
			isa = XCBuildConfiguration;
			buildSettings = {
				ALWAYS_SEARCH_USER_PATHS = NO;
				CLANG_ANALYZER_NONNULL = YES;
				CLANG_ANALYZER_NUMBER_OBJECT_CONVERSION = YES_AGGRESSIVE;
				CLANG_CXX_LANGUAGE_STANDARD = "gnu++14";
				CLANG_CXX_LIBRARY = "libc++";
				CLANG_ENABLE_MODULES = YES;
				CLANG_ENABLE_OBJC_ARC = YES;
				CLANG_ENABLE_OBJC_WEAK = YES;
				CLANG_WARN_BLOCK_CAPTURE_AUTORELEASING = YES;
				CLANG_WARN_BOOL_CONVERSION = YES;
				CLANG_WARN_COMMA = YES;
				CLANG_WARN_CONSTANT_CONVERSION = YES;
				CLANG_WARN_DEPRECATED_OBJC_IMPLEMENTATIONS = YES;
				CLANG_WARN_DIRECT_OBJC_ISA_USAGE = YES_ERROR;
				CLANG_WARN_DOCUMENTATION_COMMENTS = YES;
				CLANG_WARN_EMPTY_BODY = YES;
				CLANG_WARN_ENUM_CONVERSION = YES;
				CLANG_WARN_INFINITE_RECURSION = YES;
				CLANG_WARN_INT_CONVERSION = YES;
				CLANG_WARN_NON_LITERAL_NULL_CONVERSION = YES;
				CLANG_WARN_OBJC_IMPLICIT_RETAIN_SELF = YES;
				CLANG_WARN_OBJC_LITERAL_CONVERSION = YES;
				CLANG_WARN_OBJC_ROOT_CLASS = YES_ERROR;
				CLANG_WARN_RANGE_LOOP_ANALYSIS = YES;
				CLANG_WARN_STRICT_PROTOTYPES = YES;
				CLANG_WARN_SUSPICIOUS_MOVE = YES;
				CLANG_WARN_UNGUARDED_AVAILABILITY = YES_AGGRESSIVE;
				CLANG_WARN_UNREACHABLE_CODE = YES;
				CLANG_WARN__DUPLICATE_METHOD_MATCH = YES;
				COPY_PHASE_STRIP = NO;
				DEBUG_INFORMATION_FORMAT = "dwarf-with-dsym";
				ENABLE_NS_ASSERTIONS = NO;
				ENABLE_STRICT_OBJC_MSGSEND = YES;
				GCC_C_LANGUAGE_STANDARD = gnu11;
				GCC_NO_COMMON_BLOCKS = YES;
				GCC_WARN_64_TO_32_BIT_CONVERSION = YES;
				GCC_WARN_ABOUT_RETURN_TYPE = YES_ERROR;
				GCC_WARN_UNDECLARED_SELECTOR = YES;
				GCC_WARN_UNINITIALIZED_AUTOS = YES_AGGRESSIVE;
				GCC_WARN_UNUSED_FUNCTION = YES;
				GCC_WARN_UNUSED_VARIABLE = YES;
				IPHONEOS_DEPLOYMENT_TARGET = 13.0;
				MTL_ENABLE_DEBUG_INFO = NO;
				MTL_FAST_MATH = YES;
				SDKROOT = iphoneos;
				SWIFT_COMPILATION_MODE = wholemodule;
				SWIFT_OPTIMIZATION_LEVEL = "-O";
				VALIDATE_PRODUCT = YES;
			};
			name = Release;
		};
		AD10D2F622B7E1BF006AABAB /* Debug */ = {
			isa = XCBuildConfiguration;
			buildSettings = {
				ASSETCATALOG_COMPILER_APPICON_NAME = AppIcon;
				CODE_SIGN_STYLE = Automatic;
				DEVELOPMENT_ASSET_PATHS = "WebSockets/Preview\\ Content";
				DEVELOPMENT_TEAM = EEJA65ZWYD;
				ENABLE_PREVIEWS = YES;
				INFOPLIST_FILE = WebSockets/Info.plist;
				LD_RUNPATH_SEARCH_PATHS = (
					"$(inherited)",
					"@executable_path/Frameworks",
				);
				PRODUCT_BUNDLE_IDENTIFIER = com.appspector.WebSockets;
				PRODUCT_NAME = "$(TARGET_NAME)";
				SWIFT_VERSION = 5.0;
				TARGETED_DEVICE_FAMILY = "1,2";
			};
			name = Debug;
		};
		AD10D2F722B7E1BF006AABAB /* Release */ = {
			isa = XCBuildConfiguration;
			buildSettings = {
				ASSETCATALOG_COMPILER_APPICON_NAME = AppIcon;
				CODE_SIGN_STYLE = Automatic;
				DEVELOPMENT_ASSET_PATHS = "WebSockets/Preview\\ Content";
				DEVELOPMENT_TEAM = EEJA65ZWYD;
				ENABLE_PREVIEWS = YES;
				INFOPLIST_FILE = WebSockets/Info.plist;
				LD_RUNPATH_SEARCH_PATHS = (
					"$(inherited)",
					"@executable_path/Frameworks",
				);
				PRODUCT_BUNDLE_IDENTIFIER = com.appspector.WebSockets;
				PRODUCT_NAME = "$(TARGET_NAME)";
				SWIFT_VERSION = 5.0;
				TARGETED_DEVICE_FAMILY = "1,2";
			};
			name = Release;
		};
		AD95920B22CA612F003E995D /* Debug */ = {
			isa = XCBuildConfiguration;
			buildSettings = {
				CODE_SIGN_STYLE = Automatic;
				DEVELOPMENT_TEAM = EEJA65ZWYD;
				ENABLE_HARDENED_RUNTIME = YES;
				HEADER_SEARCH_PATHS = "$(SRCROOT)/$(PRODUCT_NAME)/.buildzz/.build/Xcode/$(PLATFORM_PREFERRED_ARCH)-apple-$(SWIFT_PLATFORM_TARGET_PREFIX)$($(DEPLOYMENT_TARGET_SETTING_NAME))/$(CONFIGURATION)";
				LIBRARY_SEARCH_PATHS = "$(SRCROOT)/$(PRODUCT_NAME)/.buildzz/.build/Xcode/$(PLATFORM_PREFERRED_ARCH)-apple-$(SWIFT_PLATFORM_TARGET_PREFIX)$($(DEPLOYMENT_TARGET_SETTING_NAME))/$(CONFIGURATION)";
				MACOSX_DEPLOYMENT_TARGET = 10.15;
				OTHER_LDFLAGS = "-lXcodeSPMDependencies";
				PRODUCT_NAME = "$(TARGET_NAME)";
				SDKROOT = macosx;
				SWIFT_INCLUDE_PATHS = "$(SRCROOT)/$(PRODUCT_NAME)/.buildzz/.build/$(PLATFORM_PREFERRED_ARCH)-apple-$(SWIFT_PLATFORM_TARGET_PREFIX)$($(DEPLOYMENT_TARGET_SETTING_NAME))/$(CONFIGURATION)";
				SWIFT_VERSION = 5.0;
			};
			name = Debug;
		};
		AD95920C22CA612F003E995D /* Release */ = {
			isa = XCBuildConfiguration;
			buildSettings = {
				CODE_SIGN_STYLE = Automatic;
				DEVELOPMENT_TEAM = EEJA65ZWYD;
				ENABLE_HARDENED_RUNTIME = YES;
				HEADER_SEARCH_PATHS = "$(SRCROOT)/$(PRODUCT_NAME)/.buildzz/.build/Xcode/$(PLATFORM_PREFERRED_ARCH)-apple-$(SWIFT_PLATFORM_TARGET_PREFIX)$($(DEPLOYMENT_TARGET_SETTING_NAME))/$(CONFIGURATION)";
				LIBRARY_SEARCH_PATHS = "$(SRCROOT)/$(PRODUCT_NAME)/.buildzz/.build/Xcode/$(PLATFORM_PREFERRED_ARCH)-apple-$(SWIFT_PLATFORM_TARGET_PREFIX)$($(DEPLOYMENT_TARGET_SETTING_NAME))/$(CONFIGURATION)";
				MACOSX_DEPLOYMENT_TARGET = 10.15;
				OTHER_LDFLAGS = "-lXcodeSPMDependencies";
				PRODUCT_NAME = "$(TARGET_NAME)";
				SDKROOT = macosx;
				SWIFT_INCLUDE_PATHS = "$(SRCROOT)/$(PRODUCT_NAME)/.buildzz/.build/$(PLATFORM_PREFERRED_ARCH)-apple-$(SWIFT_PLATFORM_TARGET_PREFIX)$($(DEPLOYMENT_TARGET_SETTING_NAME))/$(CONFIGURATION)";
				SWIFT_VERSION = 5.0;
			};
			name = Release;
		};
/* End XCBuildConfiguration section */

/* Begin XCConfigurationList section */
		AD10D2DC22B7E1BD006AABAB /* Build configuration list for PBXProject "WebSockets" */ = {
			isa = XCConfigurationList;
			buildConfigurations = (
				AD10D2F322B7E1BF006AABAB /* Debug */,
				AD10D2F422B7E1BF006AABAB /* Release */,
			);
			defaultConfigurationIsVisible = 0;
			defaultConfigurationName = Release;
		};
		AD10D2F522B7E1BF006AABAB /* Build configuration list for PBXNativeTarget "WebSockets" */ = {
			isa = XCConfigurationList;
			buildConfigurations = (
				AD10D2F622B7E1BF006AABAB /* Debug */,
				AD10D2F722B7E1BF006AABAB /* Release */,
			);
			defaultConfigurationIsVisible = 0;
			defaultConfigurationName = Release;
		};
		AD95920D22CA612F003E995D /* Build configuration list for PBXNativeTarget "WSServer" */ = {
			isa = XCConfigurationList;
			buildConfigurations = (
				AD95920B22CA612F003E995D /* Debug */,
				AD95920C22CA612F003E995D /* Release */,
			);
			defaultConfigurationIsVisible = 0;
			defaultConfigurationName = Release;
		};
/* End XCConfigurationList section */

/* Begin XCRemoteSwiftPackageReference section */
		AD95920E22CA619A003E995D /* XCRemoteSwiftPackageReference "swift-nio" */ = {
			isa = XCRemoteSwiftPackageReference;
			repositoryURL = "https://github.com/apple/swift-nio.git";
			requirement = {
				kind = upToNextMajorVersion;
				minimumVersion = 1.9.4;
			};
		};
/* End XCRemoteSwiftPackageReference section */

/* Begin XCSwiftPackageProductDependency section */
		AD95920F22CA619A003E995D /* NIOWebSocket */ = {
			isa = XCSwiftPackageProductDependency;
			package = AD95920E22CA619A003E995D /* XCRemoteSwiftPackageReference "swift-nio" */;
			productName = NIOWebSocket;
		};
		AD95921122CA619A003E995D /* NIO */ = {
			isa = XCSwiftPackageProductDependency;
			package = AD95920E22CA619A003E995D /* XCRemoteSwiftPackageReference "swift-nio" */;
			productName = NIO;
		};
		AD95921422CA61AF003E995D /* NIOHTTP1 */ = {
			isa = XCSwiftPackageProductDependency;
			package = AD95920E22CA619A003E995D /* XCRemoteSwiftPackageReference "swift-nio" */;
			productName = NIOHTTP1;
		};
/* End XCSwiftPackageProductDependency section */
	};
	rootObject = AD10D2D922B7E1BD006AABAB /* Project object */;
}
